// !$*UTF8*$!
{
	archiveVersion = 1;
	classes = {
	};
	objectVersion = 50;
	objects = {

/* Begin PBXBuildFile section */
		12E6957124B570F7007958BA /* AppDelegate.swift in Sources */ = {isa = PBXBuildFile; fileRef = 12E6957024B570F7007958BA /* AppDelegate.swift */; };
		12E6957324B570F7007958BA /* SceneDelegate.swift in Sources */ = {isa = PBXBuildFile; fileRef = 12E6957224B570F7007958BA /* SceneDelegate.swift */; };
		12E6957524B570F7007958BA /* ContentView.swift in Sources */ = {isa = PBXBuildFile; fileRef = 12E6957424B570F7007958BA /* ContentView.swift */; };
		12E6957724B570FA007958BA /* Assets.xcassets in Resources */ = {isa = PBXBuildFile; fileRef = 12E6957624B570FA007958BA /* Assets.xcassets */; };
		12E6957A24B570FA007958BA /* Preview Assets.xcassets in Resources */ = {isa = PBXBuildFile; fileRef = 12E6957924B570FA007958BA /* Preview Assets.xcassets */; };
		12E6957D24B570FA007958BA /* LaunchScreen.storyboard in Resources */ = {isa = PBXBuildFile; fileRef = 12E6957B24B570FA007958BA /* LaunchScreen.storyboard */; };
		12E6958824B570FB007958BA /* HelloWorldTests.swift in Sources */ = {isa = PBXBuildFile; fileRef = 12E6958724B570FB007958BA /* HelloWorldTests.swift */; };
		12E6959324B570FB007958BA /* HelloWorldUITests.swift in Sources */ = {isa = PBXBuildFile; fileRef = 12E6959224B570FB007958BA /* HelloWorldUITests.swift */; };
		12E695A124B57849007958BA /* exportOptions.plist in Resources */ = {isa = PBXBuildFile; fileRef = 12E695A024B57849007958BA /* exportOptions.plist */; };
/* End PBXBuildFile section */

/* Begin PBXContainerItemProxy section */
		12E6958424B570FB007958BA /* PBXContainerItemProxy */ = {
			isa = PBXContainerItemProxy;
			containerPortal = 12E6956524B570F7007958BA /* Project object */;
			proxyType = 1;
			remoteGlobalIDString = 12E6956C24B570F7007958BA;
			remoteInfo = HelloWorld;
		};
		12E6958F24B570FB007958BA /* PBXContainerItemProxy */ = {
			isa = PBXContainerItemProxy;
			containerPortal = 12E6956524B570F7007958BA /* Project object */;
			proxyType = 1;
			remoteGlobalIDString = 12E6956C24B570F7007958BA;
			remoteInfo = HelloWorld;
		};
/* End PBXContainerItemProxy section */

/* Begin PBXFileReference section */
		12E6956D24B570F7007958BA /* HelloWorld.app */ = {isa = PBXFileReference; explicitFileType = wrapper.application; includeInIndex = 0; path = HelloWorld.app; sourceTree = BUILT_PRODUCTS_DIR; };
		12E6957024B570F7007958BA /* AppDelegate.swift */ = {isa = PBXFileReference; lastKnownFileType = sourcecode.swift; path = AppDelegate.swift; sourceTree = "<group>"; };
		12E6957224B570F7007958BA /* SceneDelegate.swift */ = {isa = PBXFileReference; lastKnownFileType = sourcecode.swift; path = SceneDelegate.swift; sourceTree = "<group>"; };
		12E6957424B570F7007958BA /* ContentView.swift */ = {isa = PBXFileReference; lastKnownFileType = sourcecode.swift; path = ContentView.swift; sourceTree = "<group>"; };
		12E6957624B570FA007958BA /* Assets.xcassets */ = {isa = PBXFileReference; lastKnownFileType = folder.assetcatalog; path = Assets.xcassets; sourceTree = "<group>"; };
		12E6957924B570FA007958BA /* Preview Assets.xcassets */ = {isa = PBXFileReference; lastKnownFileType = folder.assetcatalog; path = "Preview Assets.xcassets"; sourceTree = "<group>"; };
		12E6957C24B570FA007958BA /* Base */ = {isa = PBXFileReference; lastKnownFileType = file.storyboard; name = Base; path = Base.lproj/LaunchScreen.storyboard; sourceTree = "<group>"; };
		12E6957E24B570FA007958BA /* Info.plist */ = {isa = PBXFileReference; lastKnownFileType = text.plist.xml; path = Info.plist; sourceTree = "<group>"; };
		12E6958324B570FB007958BA /* HelloWorldTests.xctest */ = {isa = PBXFileReference; explicitFileType = wrapper.cfbundle; includeInIndex = 0; path = HelloWorldTests.xctest; sourceTree = BUILT_PRODUCTS_DIR; };
		12E6958724B570FB007958BA /* HelloWorldTests.swift */ = {isa = PBXFileReference; lastKnownFileType = sourcecode.swift; path = HelloWorldTests.swift; sourceTree = "<group>"; };
		12E6958924B570FB007958BA /* Info.plist */ = {isa = PBXFileReference; lastKnownFileType = text.plist.xml; path = Info.plist; sourceTree = "<group>"; };
		12E6958E24B570FB007958BA /* HelloWorldUITests.xctest */ = {isa = PBXFileReference; explicitFileType = wrapper.cfbundle; includeInIndex = 0; path = HelloWorldUITests.xctest; sourceTree = BUILT_PRODUCTS_DIR; };
		12E6959224B570FB007958BA /* HelloWorldUITests.swift */ = {isa = PBXFileReference; lastKnownFileType = sourcecode.swift; path = HelloWorldUITests.swift; sourceTree = "<group>"; };
		12E6959424B570FB007958BA /* Info.plist */ = {isa = PBXFileReference; lastKnownFileType = text.plist.xml; path = Info.plist; sourceTree = "<group>"; };
		12E695A024B57849007958BA /* exportOptions.plist */ = {isa = PBXFileReference; lastKnownFileType = text.plist.xml; path = exportOptions.plist; sourceTree = "<group>"; };
/* End PBXFileReference section */

/* Begin PBXFrameworksBuildPhase section */
		12E6956A24B570F7007958BA /* Frameworks */ = {
			isa = PBXFrameworksBuildPhase;
			buildActionMask = 2147483647;
			files = (
			);
			runOnlyForDeploymentPostprocessing = 0;
		};
		12E6958024B570FA007958BA /* Frameworks */ = {
			isa = PBXFrameworksBuildPhase;
			buildActionMask = 2147483647;
			files = (
			);
			runOnlyForDeploymentPostprocessing = 0;
		};
		12E6958B24B570FB007958BA /* Frameworks */ = {
			isa = PBXFrameworksBuildPhase;
			buildActionMask = 2147483647;
			files = (
			);
			runOnlyForDeploymentPostprocessing = 0;
		};
/* End PBXFrameworksBuildPhase section */

/* Begin PBXGroup section */
		12E6956424B570F7007958BA = {
			isa = PBXGroup;
			children = (
				12E695A024B57849007958BA /* exportOptions.plist */,
				12E6956F24B570F7007958BA /* HelloWorld */,
				12E6958624B570FB007958BA /* HelloWorldTests */,
				12E6959124B570FB007958BA /* HelloWorldUITests */,
				12E6956E24B570F7007958BA /* Products */,
			);
			sourceTree = "<group>";
		};
		12E6956E24B570F7007958BA /* Products */ = {
			isa = PBXGroup;
			children = (
				12E6956D24B570F7007958BA /* HelloWorld.app */,
				12E6958324B570FB007958BA /* HelloWorldTests.xctest */,
				12E6958E24B570FB007958BA /* HelloWorldUITests.xctest */,
			);
			name = Products;
			sourceTree = "<group>";
		};
		12E6956F24B570F7007958BA /* HelloWorld */ = {
			isa = PBXGroup;
			children = (
				12E6957024B570F7007958BA /* AppDelegate.swift */,
				12E6957224B570F7007958BA /* SceneDelegate.swift */,
				12E6957424B570F7007958BA /* ContentView.swift */,
				12E6957624B570FA007958BA /* Assets.xcassets */,
				12E6957B24B570FA007958BA /* LaunchScreen.storyboard */,
				12E6957E24B570FA007958BA /* Info.plist */,
				12E6957824B570FA007958BA /* Preview Content */,
			);
			path = HelloWorld;
			sourceTree = "<group>";
		};
		12E6957824B570FA007958BA /* Preview Content */ = {
			isa = PBXGroup;
			children = (
				12E6957924B570FA007958BA /* Preview Assets.xcassets */,
			);
			path = "Preview Content";
			sourceTree = "<group>";
		};
		12E6958624B570FB007958BA /* HelloWorldTests */ = {
			isa = PBXGroup;
			children = (
				12E6958724B570FB007958BA /* HelloWorldTests.swift */,
				12E6958924B570FB007958BA /* Info.plist */,
			);
			path = HelloWorldTests;
			sourceTree = "<group>";
		};
		12E6959124B570FB007958BA /* HelloWorldUITests */ = {
			isa = PBXGroup;
			children = (
				12E6959224B570FB007958BA /* HelloWorldUITests.swift */,
				12E6959424B570FB007958BA /* Info.plist */,
			);
			path = HelloWorldUITests;
			sourceTree = "<group>";
		};
/* End PBXGroup section */

/* Begin PBXNativeTarget section */
		12E6956C24B570F7007958BA /* HelloWorld */ = {
			isa = PBXNativeTarget;
			buildConfigurationList = 12E6959724B570FB007958BA /* Build configuration list for PBXNativeTarget "HelloWorld" */;
			buildPhases = (
				12E6956924B570F7007958BA /* Sources */,
				12E6956A24B570F7007958BA /* Frameworks */,
				12E6956B24B570F7007958BA /* Resources */,
			);
			buildRules = (
			);
			dependencies = (
			);
			name = HelloWorld;
			productName = HelloWorld;
			productReference = 12E6956D24B570F7007958BA /* HelloWorld.app */;
			productType = "com.apple.product-type.application";
		};
		12E6958224B570FA007958BA /* HelloWorldTests */ = {
			isa = PBXNativeTarget;
			buildConfigurationList = 12E6959A24B570FB007958BA /* Build configuration list for PBXNativeTarget "HelloWorldTests" */;
			buildPhases = (
				12E6957F24B570FA007958BA /* Sources */,
				12E6958024B570FA007958BA /* Frameworks */,
				12E6958124B570FA007958BA /* Resources */,
			);
			buildRules = (
			);
			dependencies = (
				12E6958524B570FB007958BA /* PBXTargetDependency */,
			);
			name = HelloWorldTests;
			productName = HelloWorldTests;
			productReference = 12E6958324B570FB007958BA /* HelloWorldTests.xctest */;
			productType = "com.apple.product-type.bundle.unit-test";
		};
		12E6958D24B570FB007958BA /* HelloWorldUITests */ = {
			isa = PBXNativeTarget;
			buildConfigurationList = 12E6959D24B570FB007958BA /* Build configuration list for PBXNativeTarget "HelloWorldUITests" */;
			buildPhases = (
				12E6958A24B570FB007958BA /* Sources */,
				12E6958B24B570FB007958BA /* Frameworks */,
				12E6958C24B570FB007958BA /* Resources */,
			);
			buildRules = (
			);
			dependencies = (
				12E6959024B570FB007958BA /* PBXTargetDependency */,
			);
			name = HelloWorldUITests;
			productName = HelloWorldUITests;
			productReference = 12E6958E24B570FB007958BA /* HelloWorldUITests.xctest */;
			productType = "com.apple.product-type.bundle.ui-testing";
		};
/* End PBXNativeTarget section */

/* Begin PBXProject section */
		12E6956524B570F7007958BA /* Project object */ = {
			isa = PBXProject;
			attributes = {
				LastSwiftUpdateCheck = 1150;
				LastUpgradeCheck = 1150;
				ORGANIZATIONNAME = Chen_Yu_Hao;
				TargetAttributes = {
					12E6956C24B570F7007958BA = {
						CreatedOnToolsVersion = 11.5;
					};
					12E6958224B570FA007958BA = {
						CreatedOnToolsVersion = 11.5;
						TestTargetID = 12E6956C24B570F7007958BA;
					};
					12E6958D24B570FB007958BA = {
						CreatedOnToolsVersion = 11.5;
						TestTargetID = 12E6956C24B570F7007958BA;
					};
				};
			};
			buildConfigurationList = 12E6956824B570F7007958BA /* Build configuration list for PBXProject "HelloWorld" */;
			compatibilityVersion = "Xcode 9.3";
			developmentRegion = en;
			hasScannedForEncodings = 0;
			knownRegions = (
				en,
				Base,
			);
			mainGroup = 12E6956424B570F7007958BA;
			productRefGroup = 12E6956E24B570F7007958BA /* Products */;
			projectDirPath = "";
			projectRoot = "";
			targets = (
				12E6956C24B570F7007958BA /* HelloWorld */,
				12E6958224B570FA007958BA /* HelloWorldTests */,
				12E6958D24B570FB007958BA /* HelloWorldUITests */,
			);
		};
/* End PBXProject section */

/* Begin PBXResourcesBuildPhase section */
		12E6956B24B570F7007958BA /* Resources */ = {
			isa = PBXResourcesBuildPhase;
			buildActionMask = 2147483647;
			files = (
				12E6957D24B570FA007958BA /* LaunchScreen.storyboard in Resources */,
				12E6957A24B570FA007958BA /* Preview Assets.xcassets in Resources */,
				12E6957724B570FA007958BA /* Assets.xcassets in Resources */,
				12E695A124B57849007958BA /* exportOptions.plist in Resources */,
			);
			runOnlyForDeploymentPostprocessing = 0;
		};
		12E6958124B570FA007958BA /* Resources */ = {
			isa = PBXResourcesBuildPhase;
			buildActionMask = 2147483647;
			files = (
			);
			runOnlyForDeploymentPostprocessing = 0;
		};
		12E6958C24B570FB007958BA /* Resources */ = {
			isa = PBXResourcesBuildPhase;
			buildActionMask = 2147483647;
			files = (
			);
			runOnlyForDeploymentPostprocessing = 0;
		};
/* End PBXResourcesBuildPhase section */

/* Begin PBXSourcesBuildPhase section */
		12E6956924B570F7007958BA /* Sources */ = {
			isa = PBXSourcesBuildPhase;
			buildActionMask = 2147483647;
			files = (
				12E6957124B570F7007958BA /* AppDelegate.swift in Sources */,
				12E6957324B570F7007958BA /* SceneDelegate.swift in Sources */,
				12E6957524B570F7007958BA /* ContentView.swift in Sources */,
			);
			runOnlyForDeploymentPostprocessing = 0;
		};
		12E6957F24B570FA007958BA /* Sources */ = {
			isa = PBXSourcesBuildPhase;
			buildActionMask = 2147483647;
			files = (
				12E6958824B570FB007958BA /* HelloWorldTests.swift in Sources */,
			);
			runOnlyForDeploymentPostprocessing = 0;
		};
		12E6958A24B570FB007958BA /* Sources */ = {
			isa = PBXSourcesBuildPhase;
			buildActionMask = 2147483647;
			files = (
				12E6959324B570FB007958BA /* HelloWorldUITests.swift in Sources */,
			);
			runOnlyForDeploymentPostprocessing = 0;
		};
/* End PBXSourcesBuildPhase section */

/* Begin PBXTargetDependency section */
		12E6958524B570FB007958BA /* PBXTargetDependency */ = {
			isa = PBXTargetDependency;
			target = 12E6956C24B570F7007958BA /* HelloWorld */;
			targetProxy = 12E6958424B570FB007958BA /* PBXContainerItemProxy */;
		};
		12E6959024B570FB007958BA /* PBXTargetDependency */ = {
			isa = PBXTargetDependency;
			target = 12E6956C24B570F7007958BA /* HelloWorld */;
			targetProxy = 12E6958F24B570FB007958BA /* PBXContainerItemProxy */;
		};
/* End PBXTargetDependency section */

/* Begin PBXVariantGroup section */
		12E6957B24B570FA007958BA /* LaunchScreen.storyboard */ = {
			isa = PBXVariantGroup;
			children = (
				12E6957C24B570FA007958BA /* Base */,
			);
			name = LaunchScreen.storyboard;
			sourceTree = "<group>";
		};
/* End PBXVariantGroup section */

/* Begin XCBuildConfiguration section */
		12E6959524B570FB007958BA /* Debug */ = {
			isa = XCBuildConfiguration;
			buildSettings = {
				ALWAYS_SEARCH_USER_PATHS = NO;
				CLANG_ANALYZER_NONNULL = YES;
				CLANG_ANALYZER_NUMBER_OBJECT_CONVERSION = YES_AGGRESSIVE;
				CLANG_CXX_LANGUAGE_STANDARD = "gnu++14";
				CLANG_CXX_LIBRARY = "libc++";
				CLANG_ENABLE_MODULES = YES;
				CLANG_ENABLE_OBJC_ARC = YES;
				CLANG_ENABLE_OBJC_WEAK = YES;
				CLANG_WARN_BLOCK_CAPTURE_AUTORELEASING = YES;
				CLANG_WARN_BOOL_CONVERSION = YES;
				CLANG_WARN_COMMA = YES;
				CLANG_WARN_CONSTANT_CONVERSION = YES;
				CLANG_WARN_DEPRECATED_OBJC_IMPLEMENTATIONS = YES;
				CLANG_WARN_DIRECT_OBJC_ISA_USAGE = YES_ERROR;
				CLANG_WARN_DOCUMENTATION_COMMENTS = YES;
				CLANG_WARN_EMPTY_BODY = YES;
				CLANG_WARN_ENUM_CONVERSION = YES;
				CLANG_WARN_INFINITE_RECURSION = YES;
				CLANG_WARN_INT_CONVERSION = YES;
				CLANG_WARN_NON_LITERAL_NULL_CONVERSION = YES;
				CLANG_WARN_OBJC_IMPLICIT_RETAIN_SELF = YES;
				CLANG_WARN_OBJC_LITERAL_CONVERSION = YES;
				CLANG_WARN_OBJC_ROOT_CLASS = YES_ERROR;
				CLANG_WARN_RANGE_LOOP_ANALYSIS = YES;
				CLANG_WARN_STRICT_PROTOTYPES = YES;
				CLANG_WARN_SUSPICIOUS_MOVE = YES;
				CLANG_WARN_UNGUARDED_AVAILABILITY = YES_AGGRESSIVE;
				CLANG_WARN_UNREACHABLE_CODE = YES;
				CLANG_WARN__DUPLICATE_METHOD_MATCH = YES;
				COPY_PHASE_STRIP = NO;
				DEBUG_INFORMATION_FORMAT = dwarf;
				ENABLE_STRICT_OBJC_MSGSEND = YES;
				ENABLE_TESTABILITY = YES;
				GCC_C_LANGUAGE_STANDARD = gnu11;
				GCC_DYNAMIC_NO_PIC = NO;
				GCC_NO_COMMON_BLOCKS = YES;
				GCC_OPTIMIZATION_LEVEL = 0;
				GCC_PREPROCESSOR_DEFINITIONS = (
					"DEBUG=1",
					"$(inherited)",
				);
				GCC_WARN_64_TO_32_BIT_CONVERSION = YES;
				GCC_WARN_ABOUT_RETURN_TYPE = YES_ERROR;
				GCC_WARN_UNDECLARED_SELECTOR = YES;
				GCC_WARN_UNINITIALIZED_AUTOS = YES_AGGRESSIVE;
				GCC_WARN_UNUSED_FUNCTION = YES;
				GCC_WARN_UNUSED_VARIABLE = YES;
				IPHONEOS_DEPLOYMENT_TARGET = 13.5;
				MTL_ENABLE_DEBUG_INFO = INCLUDE_SOURCE;
				MTL_FAST_MATH = YES;
				ONLY_ACTIVE_ARCH = YES;
				SDKROOT = iphoneos;
				SWIFT_ACTIVE_COMPILATION_CONDITIONS = DEBUG;
				SWIFT_OPTIMIZATION_LEVEL = "-Onone";
			};
			name = Debug;
		};
		12E6959624B570FB007958BA /* Release */ = {
			isa = XCBuildConfiguration;
			buildSettings = {
				ALWAYS_SEARCH_USER_PATHS = NO;
				CLANG_ANALYZER_NONNULL = YES;
				CLANG_ANALYZER_NUMBER_OBJECT_CONVERSION = YES_AGGRESSIVE;
				CLANG_CXX_LANGUAGE_STANDARD = "gnu++14";
				CLANG_CXX_LIBRARY = "libc++";
				CLANG_ENABLE_MODULES = YES;
				CLANG_ENABLE_OBJC_ARC = YES;
				CLANG_ENABLE_OBJC_WEAK = YES;
				CLANG_WARN_BLOCK_CAPTURE_AUTORELEASING = YES;
				CLANG_WARN_BOOL_CONVERSION = YES;
				CLANG_WARN_COMMA = YES;
				CLANG_WARN_CONSTANT_CONVERSION = YES;
				CLANG_WARN_DEPRECATED_OBJC_IMPLEMENTATIONS = YES;
				CLANG_WARN_DIRECT_OBJC_ISA_USAGE = YES_ERROR;
				CLANG_WARN_DOCUMENTATION_COMMENTS = YES;
				CLANG_WARN_EMPTY_BODY = YES;
				CLANG_WARN_ENUM_CONVERSION = YES;
				CLANG_WARN_INFINITE_RECURSION = YES;
				CLANG_WARN_INT_CONVERSION = YES;
				CLANG_WARN_NON_LITERAL_NULL_CONVERSION = YES;
				CLANG_WARN_OBJC_IMPLICIT_RETAIN_SELF = YES;
				CLANG_WARN_OBJC_LITERAL_CONVERSION = YES;
				CLANG_WARN_OBJC_ROOT_CLASS = YES_ERROR;
				CLANG_WARN_RANGE_LOOP_ANALYSIS = YES;
				CLANG_WARN_STRICT_PROTOTYPES = YES;
				CLANG_WARN_SUSPICIOUS_MOVE = YES;
				CLANG_WARN_UNGUARDED_AVAILABILITY = YES_AGGRESSIVE;
				CLANG_WARN_UNREACHABLE_CODE = YES;
				CLANG_WARN__DUPLICATE_METHOD_MATCH = YES;
				COPY_PHASE_STRIP = NO;
				DEBUG_INFORMATION_FORMAT = "dwarf-with-dsym";
				ENABLE_NS_ASSERTIONS = NO;
				ENABLE_STRICT_OBJC_MSGSEND = YES;
				GCC_C_LANGUAGE_STANDARD = gnu11;
				GCC_NO_COMMON_BLOCKS = YES;
				GCC_WARN_64_TO_32_BIT_CONVERSION = YES;
				GCC_WARN_ABOUT_RETURN_TYPE = YES_ERROR;
				GCC_WARN_UNDECLARED_SELECTOR = YES;
				GCC_WARN_UNINITIALIZED_AUTOS = YES_AGGRESSIVE;
				GCC_WARN_UNUSED_FUNCTION = YES;
				GCC_WARN_UNUSED_VARIABLE = YES;
				IPHONEOS_DEPLOYMENT_TARGET = 13.5;
				MTL_ENABLE_DEBUG_INFO = NO;
				MTL_FAST_MATH = YES;
				SDKROOT = iphoneos;
				SWIFT_COMPILATION_MODE = wholemodule;
				SWIFT_OPTIMIZATION_LEVEL = "-O";
				VALIDATE_PRODUCT = YES;
			};
			name = Release;
		};
		12E6959824B570FB007958BA /* Debug */ = {
			isa = XCBuildConfiguration;
			buildSettings = {
				ASSETCATALOG_COMPILER_APPICON_NAME = AppIcon;
				CODE_SIGN_STYLE = Automatic;
				DEVELOPMENT_ASSET_PATHS = "\"HelloWorld/Preview Content\"";
				DEVELOPMENT_TEAM = SC4BFS9VQW;
				ENABLE_PREVIEWS = YES;
				INFOPLIST_FILE = HelloWorld/Info.plist;
				LD_RUNPATH_SEARCH_PATHS = (
					"$(inherited)",
					"@executable_path/Frameworks",
				);
				MARKETING_VERSION = 1.5;
				PRODUCT_BUNDLE_IDENTIFIER = com.bc3.hdc;
				PRODUCT_NAME = "$(TARGET_NAME)";
				SWIFT_VERSION = 5.0;
				TARGETED_DEVICE_FAMILY = "1,2";
			};
			name = Debug;
		};
		12E6959924B570FB007958BA /* Release */ = {
			isa = XCBuildConfiguration;
			buildSettings = {
				ASSETCATALOG_COMPILER_APPICON_NAME = AppIcon;
				CODE_SIGN_STYLE = Automatic;
				DEVELOPMENT_ASSET_PATHS = "\"HelloWorld/Preview Content\"";
				DEVELOPMENT_TEAM = SC4BFS9VQW;
				ENABLE_PREVIEWS = YES;
				INFOPLIST_FILE = HelloWorld/Info.plist;
				LD_RUNPATH_SEARCH_PATHS = (
					"$(inherited)",
					"@executable_path/Frameworks",
				);
				MARKETING_VERSION = 1.5;
				PRODUCT_BUNDLE_IDENTIFIER = com.bc3.hdc;
				PRODUCT_NAME = "$(TARGET_NAME)";
				SWIFT_VERSION = 5.0;
				TARGETED_DEVICE_FAMILY = "1,2";
			};
			name = Release;
		};
		12E6959B24B570FB007958BA /* Debug */ = {
			isa = XCBuildConfiguration;
			buildSettings = {
				ALWAYS_EMBED_SWIFT_STANDARD_LIBRARIES = YES;
				BUNDLE_LOADER = "$(TEST_HOST)";
				CODE_SIGN_STYLE = Automatic;
				DEVELOPMENT_TEAM = NTXR9F489V;
				INFOPLIST_FILE = HelloWorldTests/Info.plist;
				IPHONEOS_DEPLOYMENT_TARGET = 13.5;
				LD_RUNPATH_SEARCH_PATHS = (
					"$(inherited)",
					"@executable_path/Frameworks",
					"@loader_path/Frameworks",
				);
				PRODUCT_BUNDLE_IDENTIFIER = dte.HelloWorldTests;
				PRODUCT_NAME = "$(TARGET_NAME)";
				SWIFT_VERSION = 5.0;
				TARGETED_DEVICE_FAMILY = "1,2";
				TEST_HOST = "$(BUILT_PRODUCTS_DIR)/HelloWorld.app/HelloWorld";
			};
			name = Debug;
		};
		12E6959C24B570FB007958BA /* Release */ = {
			isa = XCBuildConfiguration;
			buildSettings = {
				ALWAYS_EMBED_SWIFT_STANDARD_LIBRARIES = YES;
				BUNDLE_LOADER = "$(TEST_HOST)";
				CODE_SIGN_STYLE = Automatic;
				DEVELOPMENT_TEAM = NTXR9F489V;
				INFOPLIST_FILE = HelloWorldTests/Info.plist;
				IPHONEOS_DEPLOYMENT_TARGET = 13.5;
				LD_RUNPATH_SEARCH_PATHS = (
					"$(inherited)",
					"@executable_path/Frameworks",
					"@loader_path/Frameworks",
				);
				PRODUCT_BUNDLE_IDENTIFIER = dte.HelloWorldTests;
				PRODUCT_NAME = "$(TARGET_NAME)";
				SWIFT_VERSION = 5.0;
				TARGETED_DEVICE_FAMILY = "1,2";
				TEST_HOST = "$(BUILT_PRODUCTS_DIR)/HelloWorld.app/HelloWorld";
			};
			name = Release;
		};
		12E6959E24B570FB007958BA /* Debug */ = {
			isa = XCBuildConfiguration;
			buildSettings = {
				ALWAYS_EMBED_SWIFT_STANDARD_LIBRARIES = YES;
				CODE_SIGN_STYLE = Automatic;
				DEVELOPMENT_TEAM = NTXR9F489V;
				INFOPLIST_FILE = HelloWorldUITests/Info.plist;
				LD_RUNPATH_SEARCH_PATHS = (
					"$(inherited)",
					"@executable_path/Frameworks",
					"@loader_path/Frameworks",
				);
				PRODUCT_BUNDLE_IDENTIFIER = dte.HelloWorldUITests;
				PRODUCT_NAME = "$(TARGET_NAME)";
				SWIFT_VERSION = 5.0;
				TARGETED_DEVICE_FAMILY = "1,2";
				TEST_TARGET_NAME = HelloWorld;
			};
			name = Debug;
		};
		12E6959F24B570FB007958BA /* Release */ = {
			isa = XCBuildConfiguration;
			buildSettings = {
				ALWAYS_EMBED_SWIFT_STANDARD_LIBRARIES = YES;
				CODE_SIGN_STYLE = Automatic;
				DEVELOPMENT_TEAM = NTXR9F489V;
				INFOPLIST_FILE = HelloWorldUITests/Info.plist;
				LD_RUNPATH_SEARCH_PATHS = (
					"$(inherited)",
					"@executable_path/Frameworks",
					"@loader_path/Frameworks",
				);
				PRODUCT_BUNDLE_IDENTIFIER = dte.HelloWorldUITests;
				PRODUCT_NAME = "$(TARGET_NAME)";
				SWIFT_VERSION = 5.0;
				TARGETED_DEVICE_FAMILY = "1,2";
				TEST_TARGET_NAME = HelloWorld;
			};
			name = Release;
		};
/* End XCBuildConfiguration section */

/* Begin XCConfigurationList section */
		12E6956824B570F7007958BA /* Build configuration list for PBXProject "HelloWorld" */ = {
			isa = XCConfigurationList;
			buildConfigurations = (
				12E6959524B570FB007958BA /* Debug */,
				12E6959624B570FB007958BA /* Release */,
			);
			defaultConfigurationIsVisible = 0;
			defaultConfigurationName = Release;
		};
		12E6959724B570FB007958BA /* Build configuration list for PBXNativeTarget "HelloWorld" */ = {
			isa = XCConfigurationList;
			buildConfigurations = (
				12E6959824B570FB007958BA /* Debug */,
				12E6959924B570FB007958BA /* Release */,
			);
			defaultConfigurationIsVisible = 0;
			defaultConfigurationName = Release;
		};
		12E6959A24B570FB007958BA /* Build configuration list for PBXNativeTarget "HelloWorldTests" */ = {
			isa = XCConfigurationList;
			buildConfigurations = (
				12E6959B24B570FB007958BA /* Debug */,
				12E6959C24B570FB007958BA /* Release */,
			);
			defaultConfigurationIsVisible = 0;
			defaultConfigurationName = Release;
		};
		12E6959D24B570FB007958BA /* Build configuration list for PBXNativeTarget "HelloWorldUITests" */ = {
			isa = XCConfigurationList;
			buildConfigurations = (
				12E6959E24B570FB007958BA /* Debug */,
				12E6959F24B570FB007958BA /* Release */,
			);
			defaultConfigurationIsVisible = 0;
			defaultConfigurationName = Release;
		};
/* End XCConfigurationList section */
	};
	rootObject = 12E6956524B570F7007958BA /* Project object */;
}
